// !$*UTF8*$!
{
	archiveVersion = 1;
	classes = {
	};
	objectVersion = 46;
	objects = {

/* Begin PBXBuildFile section */
		409519B31EBB6A2900CDEEA6 /* AppDelegate.swift in Sources */ = {isa = PBXBuildFile; fileRef = 409519B21EBB6A2900CDEEA6 /* AppDelegate.swift */; };
		409519B51EBB6A2900CDEEA6 /* ViewController.swift in Sources */ = {isa = PBXBuildFile; fileRef = 409519B41EBB6A2900CDEEA6 /* ViewController.swift */; };
		409519B81EBB6A2900CDEEA6 /* Main.storyboard in Resources */ = {isa = PBXBuildFile; fileRef = 409519B61EBB6A2900CDEEA6 /* Main.storyboard */; };
		409519BB1EBB6A2A00CDEEA6 /* UIScrollView.xcdatamodeld in Sources */ = {isa = PBXBuildFile; fileRef = 409519B91EBB6A2900CDEEA6 /* UIScrollView.xcdatamodeld */; };
		409519BD1EBB6A2A00CDEEA6 /* Assets.xcassets in Resources */ = {isa = PBXBuildFile; fileRef = 409519BC1EBB6A2A00CDEEA6 /* Assets.xcassets */; };
		409519C01EBB6A2A00CDEEA6 /* LaunchScreen.storyboard in Resources */ = {isa = PBXBuildFile; fileRef = 409519BE1EBB6A2A00CDEEA6 /* LaunchScreen.storyboard */; };
		409519CB1EBB6A2B00CDEEA6 /* UIScrollViewTests.swift in Sources */ = {isa = PBXBuildFile; fileRef = 409519CA1EBB6A2B00CDEEA6 /* UIScrollViewTests.swift */; };
		409519D61EBB6A2B00CDEEA6 /* UIScrollViewUITests.swift in Sources */ = {isa = PBXBuildFile; fileRef = 409519D51EBB6A2B00CDEEA6 /* UIScrollViewUITests.swift */; };
/* End PBXBuildFile section */

/* Begin PBXContainerItemProxy section */
		409519C71EBB6A2B00CDEEA6 /* PBXContainerItemProxy */ = {
			isa = PBXContainerItemProxy;
			containerPortal = 409519A71EBB6A2900CDEEA6 /* Project object */;
			proxyType = 1;
			remoteGlobalIDString = 409519AE1EBB6A2900CDEEA6;
			remoteInfo = UIScrollView;
		};
		409519D21EBB6A2B00CDEEA6 /* PBXContainerItemProxy */ = {
			isa = PBXContainerItemProxy;
			containerPortal = 409519A71EBB6A2900CDEEA6 /* Project object */;
			proxyType = 1;
			remoteGlobalIDString = 409519AE1EBB6A2900CDEEA6;
			remoteInfo = UIScrollView;
		};
/* End PBXContainerItemProxy section */

/* Begin PBXFileReference section */
		409519AF1EBB6A2900CDEEA6 /* UIScrollView.app */ = {isa = PBXFileReference; explicitFileType = wrapper.application; includeInIndex = 0; path = UIScrollView.app; sourceTree = BUILT_PRODUCTS_DIR; };
		409519B21EBB6A2900CDEEA6 /* AppDelegate.swift */ = {isa = PBXFileReference; lastKnownFileType = sourcecode.swift; path = AppDelegate.swift; sourceTree = "<group>"; };
		409519B41EBB6A2900CDEEA6 /* ViewController.swift */ = {isa = PBXFileReference; lastKnownFileType = sourcecode.swift; path = ViewController.swift; sourceTree = "<group>"; };
		409519B71EBB6A2900CDEEA6 /* Base */ = {isa = PBXFileReference; lastKnownFileType = file.storyboard; name = Base; path = Base.lproj/Main.storyboard; sourceTree = "<group>"; };
		409519BA1EBB6A2900CDEEA6 /* UIScrollView.xcdatamodel */ = {isa = PBXFileReference; lastKnownFileType = wrapper.xcdatamodel; path = UIScrollView.xcdatamodel; sourceTree = "<group>"; };
		409519BC1EBB6A2A00CDEEA6 /* Assets.xcassets */ = {isa = PBXFileReference; lastKnownFileType = folder.assetcatalog; path = Assets.xcassets; sourceTree = "<group>"; };
		409519BF1EBB6A2A00CDEEA6 /* Base */ = {isa = PBXFileReference; lastKnownFileType = file.storyboard; name = Base; path = Base.lproj/LaunchScreen.storyboard; sourceTree = "<group>"; };
		409519C11EBB6A2A00CDEEA6 /* Info.plist */ = {isa = PBXFileReference; lastKnownFileType = text.plist.xml; path = Info.plist; sourceTree = "<group>"; };
		409519C61EBB6A2B00CDEEA6 /* UIScrollViewTests.xctest */ = {isa = PBXFileReference; explicitFileType = wrapper.cfbundle; includeInIndex = 0; path = UIScrollViewTests.xctest; sourceTree = BUILT_PRODUCTS_DIR; };
		409519CA1EBB6A2B00CDEEA6 /* UIScrollViewTests.swift */ = {isa = PBXFileReference; lastKnownFileType = sourcecode.swift; path = UIScrollViewTests.swift; sourceTree = "<group>"; };
		409519CC1EBB6A2B00CDEEA6 /* Info.plist */ = {isa = PBXFileReference; lastKnownFileType = text.plist.xml; path = Info.plist; sourceTree = "<group>"; };
		409519D11EBB6A2B00CDEEA6 /* UIScrollViewUITests.xctest */ = {isa = PBXFileReference; explicitFileType = wrapper.cfbundle; includeInIndex = 0; path = UIScrollViewUITests.xctest; sourceTree = BUILT_PRODUCTS_DIR; };
		409519D51EBB6A2B00CDEEA6 /* UIScrollViewUITests.swift */ = {isa = PBXFileReference; lastKnownFileType = sourcecode.swift; path = UIScrollViewUITests.swift; sourceTree = "<group>"; };
		409519D71EBB6A2B00CDEEA6 /* Info.plist */ = {isa = PBXFileReference; lastKnownFileType = text.plist.xml; path = Info.plist; sourceTree = "<group>"; };
/* End PBXFileReference section */

/* Begin PBXFrameworksBuildPhase section */
		409519AC1EBB6A2900CDEEA6 /* Frameworks */ = {
			isa = PBXFrameworksBuildPhase;
			buildActionMask = 2147483647;
			files = (
			);
			runOnlyForDeploymentPostprocessing = 0;
		};
		409519C31EBB6A2B00CDEEA6 /* Frameworks */ = {
			isa = PBXFrameworksBuildPhase;
			buildActionMask = 2147483647;
			files = (
			);
			runOnlyForDeploymentPostprocessing = 0;
		};
		409519CE1EBB6A2B00CDEEA6 /* Frameworks */ = {
			isa = PBXFrameworksBuildPhase;
			buildActionMask = 2147483647;
			files = (
			);
			runOnlyForDeploymentPostprocessing = 0;
		};
/* End PBXFrameworksBuildPhase section */

/* Begin PBXGroup section */
		409519A61EBB6A2800CDEEA6 = {
			isa = PBXGroup;
			children = (
				409519B11EBB6A2900CDEEA6 /* UIScrollView */,
				409519C91EBB6A2B00CDEEA6 /* UIScrollViewTests */,
				409519D41EBB6A2B00CDEEA6 /* UIScrollViewUITests */,
				409519B01EBB6A2900CDEEA6 /* Products */,
			);
			sourceTree = "<group>";
		};
		409519B01EBB6A2900CDEEA6 /* Products */ = {
			isa = PBXGroup;
			children = (
				409519AF1EBB6A2900CDEEA6 /* UIScrollView.app */,
				409519C61EBB6A2B00CDEEA6 /* UIScrollViewTests.xctest */,
				409519D11EBB6A2B00CDEEA6 /* UIScrollViewUITests.xctest */,
			);
			name = Products;
			sourceTree = "<group>";
		};
		409519B11EBB6A2900CDEEA6 /* UIScrollView */ = {
			isa = PBXGroup;
			children = (
				409519B21EBB6A2900CDEEA6 /* AppDelegate.swift */,
				409519B41EBB6A2900CDEEA6 /* ViewController.swift */,
				409519B61EBB6A2900CDEEA6 /* Main.storyboard */,
				409519BC1EBB6A2A00CDEEA6 /* Assets.xcassets */,
				409519BE1EBB6A2A00CDEEA6 /* LaunchScreen.storyboard */,
				409519C11EBB6A2A00CDEEA6 /* Info.plist */,
				409519B91EBB6A2900CDEEA6 /* UIScrollView.xcdatamodeld */,
			);
			path = UIScrollView;
			sourceTree = "<group>";
		};
		409519C91EBB6A2B00CDEEA6 /* UIScrollViewTests */ = {
			isa = PBXGroup;
			children = (
				409519CA1EBB6A2B00CDEEA6 /* UIScrollViewTests.swift */,
				409519CC1EBB6A2B00CDEEA6 /* Info.plist */,
			);
			path = UIScrollViewTests;
			sourceTree = "<group>";
		};
		409519D41EBB6A2B00CDEEA6 /* UIScrollViewUITests */ = {
			isa = PBXGroup;
			children = (
				409519D51EBB6A2B00CDEEA6 /* UIScrollViewUITests.swift */,
				409519D71EBB6A2B00CDEEA6 /* Info.plist */,
			);
			path = UIScrollViewUITests;
			sourceTree = "<group>";
		};
/* End PBXGroup section */

/* Begin PBXNativeTarget section */
		409519AE1EBB6A2900CDEEA6 /* UIScrollView */ = {
			isa = PBXNativeTarget;
			buildConfigurationList = 409519DA1EBB6A2B00CDEEA6 /* Build configuration list for PBXNativeTarget "UIScrollView" */;
			buildPhases = (
				409519AB1EBB6A2900CDEEA6 /* Sources */,
				409519AC1EBB6A2900CDEEA6 /* Frameworks */,
				409519AD1EBB6A2900CDEEA6 /* Resources */,
			);
			buildRules = (
			);
			dependencies = (
			);
			name = UIScrollView;
			productName = UIScrollView;
			productReference = 409519AF1EBB6A2900CDEEA6 /* UIScrollView.app */;
			productType = "com.apple.product-type.application";
		};
		409519C51EBB6A2B00CDEEA6 /* UIScrollViewTests */ = {
			isa = PBXNativeTarget;
			buildConfigurationList = 409519DD1EBB6A2B00CDEEA6 /* Build configuration list for PBXNativeTarget "UIScrollViewTests" */;
			buildPhases = (
				409519C21EBB6A2B00CDEEA6 /* Sources */,
				409519C31EBB6A2B00CDEEA6 /* Frameworks */,
				409519C41EBB6A2B00CDEEA6 /* Resources */,
			);
			buildRules = (
			);
			dependencies = (
				409519C81EBB6A2B00CDEEA6 /* PBXTargetDependency */,
			);
			name = UIScrollViewTests;
			productName = UIScrollViewTests;
			productReference = 409519C61EBB6A2B00CDEEA6 /* UIScrollViewTests.xctest */;
			productType = "com.apple.product-type.bundle.unit-test";
		};
		409519D01EBB6A2B00CDEEA6 /* UIScrollViewUITests */ = {
			isa = PBXNativeTarget;
			buildConfigurationList = 409519E01EBB6A2B00CDEEA6 /* Build configuration list for PBXNativeTarget "UIScrollViewUITests" */;
			buildPhases = (
				409519CD1EBB6A2B00CDEEA6 /* Sources */,
				409519CE1EBB6A2B00CDEEA6 /* Frameworks */,
				409519CF1EBB6A2B00CDEEA6 /* Resources */,
			);
			buildRules = (
			);
			dependencies = (
				409519D31EBB6A2B00CDEEA6 /* PBXTargetDependency */,
			);
			name = UIScrollViewUITests;
			productName = UIScrollViewUITests;
			productReference = 409519D11EBB6A2B00CDEEA6 /* UIScrollViewUITests.xctest */;
			productType = "com.apple.product-type.bundle.ui-testing";
		};
/* End PBXNativeTarget section */

/* Begin PBXProject section */
		409519A71EBB6A2900CDEEA6 /* Project object */ = {
			isa = PBXProject;
			attributes = {
				LastSwiftUpdateCheck = 0830;
				LastUpgradeCheck = 0830;
				ORGANIZATIONNAME = "Tran Van Tin";
				TargetAttributes = {
					409519AE1EBB6A2900CDEEA6 = {
						CreatedOnToolsVersion = 8.3;
						ProvisioningStyle = Automatic;
					};
					409519C51EBB6A2B00CDEEA6 = {
						CreatedOnToolsVersion = 8.3;
						ProvisioningStyle = Automatic;
						TestTargetID = 409519AE1EBB6A2900CDEEA6;
					};
					409519D01EBB6A2B00CDEEA6 = {
						CreatedOnToolsVersion = 8.3;
						ProvisioningStyle = Automatic;
						TestTargetID = 409519AE1EBB6A2900CDEEA6;
					};
				};
			};
			buildConfigurationList = 409519AA1EBB6A2900CDEEA6 /* Build configuration list for PBXProject "UIScrollView" */;
			compatibilityVersion = "Xcode 3.2";
			developmentRegion = English;
			hasScannedForEncodings = 0;
			knownRegions = (
				en,
				Base,
			);
			mainGroup = 409519A61EBB6A2800CDEEA6;
			productRefGroup = 409519B01EBB6A2900CDEEA6 /* Products */;
			projectDirPath = "";
			projectRoot = "";
			targets = (
				409519AE1EBB6A2900CDEEA6 /* UIScrollView */,
				409519C51EBB6A2B00CDEEA6 /* UIScrollViewTests */,
				409519D01EBB6A2B00CDEEA6 /* UIScrollViewUITests */,
			);
		};
/* End PBXProject section */

/* Begin PBXResourcesBuildPhase section */
		409519AD1EBB6A2900CDEEA6 /* Resources */ = {
			isa = PBXResourcesBuildPhase;
			buildActionMask = 2147483647;
			files = (
				409519C01EBB6A2A00CDEEA6 /* LaunchScreen.storyboard in Resources */,
				409519BD1EBB6A2A00CDEEA6 /* Assets.xcassets in Resources */,
				409519B81EBB6A2900CDEEA6 /* Main.storyboard in Resources */,
			);
			runOnlyForDeploymentPostprocessing = 0;
		};
		409519C41EBB6A2B00CDEEA6 /* Resources */ = {
			isa = PBXResourcesBuildPhase;
			buildActionMask = 2147483647;
			files = (
			);
			runOnlyForDeploymentPostprocessing = 0;
		};
		409519CF1EBB6A2B00CDEEA6 /* Resources */ = {
			isa = PBXResourcesBuildPhase;
			buildActionMask = 2147483647;
			files = (
			);
			runOnlyForDeploymentPostprocessing = 0;
		};
/* End PBXResourcesBuildPhase section */

/* Begin PBXSourcesBuildPhase section */
		409519AB1EBB6A2900CDEEA6 /* Sources */ = {
			isa = PBXSourcesBuildPhase;
			buildActionMask = 2147483647;
			files = (
				409519BB1EBB6A2A00CDEEA6 /* UIScrollView.xcdatamodeld in Sources */,
				409519B51EBB6A2900CDEEA6 /* ViewController.swift in Sources */,
				409519B31EBB6A2900CDEEA6 /* AppDelegate.swift in Sources */,
			);
			runOnlyForDeploymentPostprocessing = 0;
		};
		409519C21EBB6A2B00CDEEA6 /* Sources */ = {
			isa = PBXSourcesBuildPhase;
			buildActionMask = 2147483647;
			files = (
				409519CB1EBB6A2B00CDEEA6 /* UIScrollViewTests.swift in Sources */,
			);
			runOnlyForDeploymentPostprocessing = 0;
		};
		409519CD1EBB6A2B00CDEEA6 /* Sources */ = {
			isa = PBXSourcesBuildPhase;
			buildActionMask = 2147483647;
			files = (
				409519D61EBB6A2B00CDEEA6 /* UIScrollViewUITests.swift in Sources */,
			);
			runOnlyForDeploymentPostprocessing = 0;
		};
/* End PBXSourcesBuildPhase section */

/* Begin PBXTargetDependency section */
		409519C81EBB6A2B00CDEEA6 /* PBXTargetDependency */ = {
			isa = PBXTargetDependency;
			target = 409519AE1EBB6A2900CDEEA6 /* UIScrollView */;
			targetProxy = 409519C71EBB6A2B00CDEEA6 /* PBXContainerItemProxy */;
		};
		409519D31EBB6A2B00CDEEA6 /* PBXTargetDependency */ = {
			isa = PBXTargetDependency;
			target = 409519AE1EBB6A2900CDEEA6 /* UIScrollView */;
			targetProxy = 409519D21EBB6A2B00CDEEA6 /* PBXContainerItemProxy */;
		};
/* End PBXTargetDependency section */

/* Begin PBXVariantGroup section */
		409519B61EBB6A2900CDEEA6 /* Main.storyboard */ = {
			isa = PBXVariantGroup;
			children = (
				409519B71EBB6A2900CDEEA6 /* Base */,
			);
			name = Main.storyboard;
			sourceTree = "<group>";
		};
		409519BE1EBB6A2A00CDEEA6 /* LaunchScreen.storyboard */ = {
			isa = PBXVariantGroup;
			children = (
				409519BF1EBB6A2A00CDEEA6 /* Base */,
			);
			name = LaunchScreen.storyboard;
			sourceTree = "<group>";
		};
/* End PBXVariantGroup section */

/* Begin XCBuildConfiguration section */
		409519D81EBB6A2B00CDEEA6 /* Debug */ = {
			isa = XCBuildConfiguration;
			buildSettings = {
				ALWAYS_SEARCH_USER_PATHS = NO;
				CLANG_ANALYZER_NONNULL = YES;
				CLANG_ANALYZER_NUMBER_OBJECT_CONVERSION = YES_AGGRESSIVE;
				CLANG_CXX_LANGUAGE_STANDARD = "gnu++0x";
				CLANG_CXX_LIBRARY = "libc++";
				CLANG_ENABLE_MODULES = YES;
				CLANG_ENABLE_OBJC_ARC = YES;
				CLANG_WARN_BOOL_CONVERSION = YES;
				CLANG_WARN_CONSTANT_CONVERSION = YES;
				CLANG_WARN_DIRECT_OBJC_ISA_USAGE = YES_ERROR;
				CLANG_WARN_DOCUMENTATION_COMMENTS = YES;
				CLANG_WARN_EMPTY_BODY = YES;
				CLANG_WARN_ENUM_CONVERSION = YES;
				CLANG_WARN_INFINITE_RECURSION = YES;
				CLANG_WARN_INT_CONVERSION = YES;
				CLANG_WARN_OBJC_ROOT_CLASS = YES_ERROR;
				CLANG_WARN_SUSPICIOUS_MOVE = YES;
				CLANG_WARN_UNREACHABLE_CODE = YES;
				CLANG_WARN__DUPLICATE_METHOD_MATCH = YES;
				"CODE_SIGN_IDENTITY[sdk=iphoneos*]" = "iPhone Developer";
				COPY_PHASE_STRIP = NO;
				DEBUG_INFORMATION_FORMAT = dwarf;
				ENABLE_STRICT_OBJC_MSGSEND = YES;
				ENABLE_TESTABILITY = YES;
				GCC_C_LANGUAGE_STANDARD = gnu99;
				GCC_DYNAMIC_NO_PIC = NO;
				GCC_NO_COMMON_BLOCKS = YES;
				GCC_OPTIMIZATION_LEVEL = 0;
				GCC_PREPROCESSOR_DEFINITIONS = (
					"DEBUG=1",
					"$(inherited)",
				);
				GCC_WARN_64_TO_32_BIT_CONVERSION = YES;
				GCC_WARN_ABOUT_RETURN_TYPE = YES_ERROR;
				GCC_WARN_UNDECLARED_SELECTOR = YES;
				GCC_WARN_UNINITIALIZED_AUTOS = YES_AGGRESSIVE;
				GCC_WARN_UNUSED_FUNCTION = YES;
				GCC_WARN_UNUSED_VARIABLE = YES;
				IPHONEOS_DEPLOYMENT_TARGET = 10.3;
				MTL_ENABLE_DEBUG_INFO = YES;
				ONLY_ACTIVE_ARCH = YES;
				SDKROOT = iphoneos;
				SWIFT_ACTIVE_COMPILATION_CONDITIONS = DEBUG;
				SWIFT_OPTIMIZATION_LEVEL = "-Onone";
				TARGETED_DEVICE_FAMILY = "1,2";
			};
			name = Debug;
		};
		409519D91EBB6A2B00CDEEA6 /* Release */ = {
			isa = XCBuildConfiguration;
			buildSettings = {
				ALWAYS_SEARCH_USER_PATHS = NO;
				CLANG_ANALYZER_NONNULL = YES;
				CLANG_ANALYZER_NUMBER_OBJECT_CONVERSION = YES_AGGRESSIVE;
				CLANG_CXX_LANGUAGE_STANDARD = "gnu++0x";
				CLANG_CXX_LIBRARY = "libc++";
				CLANG_ENABLE_MODULES = YES;
				CLANG_ENABLE_OBJC_ARC = YES;
				CLANG_WARN_BOOL_CONVERSION = YES;
				CLANG_WARN_CONSTANT_CONVERSION = YES;
				CLANG_WARN_DIRECT_OBJC_ISA_USAGE = YES_ERROR;
				CLANG_WARN_DOCUMENTATION_COMMENTS = YES;
				CLANG_WARN_EMPTY_BODY = YES;
				CLANG_WARN_ENUM_CONVERSION = YES;
				CLANG_WARN_INFINITE_RECURSION = YES;
				CLANG_WARN_INT_CONVERSION = YES;
				CLANG_WARN_OBJC_ROOT_CLASS = YES_ERROR;
				CLANG_WARN_SUSPICIOUS_MOVE = YES;
				CLANG_WARN_UNREACHABLE_CODE = YES;
				CLANG_WARN__DUPLICATE_METHOD_MATCH = YES;
				"CODE_SIGN_IDENTITY[sdk=iphoneos*]" = "iPhone Developer";
				COPY_PHASE_STRIP = NO;
				DEBUG_INFORMATION_FORMAT = "dwarf-with-dsym";
				ENABLE_NS_ASSERTIONS = NO;
				ENABLE_STRICT_OBJC_MSGSEND = YES;
				GCC_C_LANGUAGE_STANDARD = gnu99;
				GCC_NO_COMMON_BLOCKS = YES;
				GCC_WARN_64_TO_32_BIT_CONVERSION = YES;
				GCC_WARN_ABOUT_RETURN_TYPE = YES_ERROR;
				GCC_WARN_UNDECLARED_SELECTOR = YES;
				GCC_WARN_UNINITIALIZED_AUTOS = YES_AGGRESSIVE;
				GCC_WARN_UNUSED_FUNCTION = YES;
				GCC_WARN_UNUSED_VARIABLE = YES;
				IPHONEOS_DEPLOYMENT_TARGET = 10.3;
				MTL_ENABLE_DEBUG_INFO = NO;
				SDKROOT = iphoneos;
				SWIFT_OPTIMIZATION_LEVEL = "-Owholemodule";
				TARGETED_DEVICE_FAMILY = "1,2";
				VALIDATE_PRODUCT = YES;
			};
			name = Release;
		};
		409519DB1EBB6A2B00CDEEA6 /* Debug */ = {
			isa = XCBuildConfiguration;
			buildSettings = {
				ASSETCATALOG_COMPILER_APPICON_NAME = AppIcon;
				INFOPLIST_FILE = UIScrollView/Info.plist;
				LD_RUNPATH_SEARCH_PATHS = "$(inherited) @executable_path/Frameworks";
				PRODUCT_BUNDLE_IDENTIFIER = NIT.UIScrollView;
				PRODUCT_NAME = "$(TARGET_NAME)";
				SWIFT_VERSION = 3.0;
			};
			name = Debug;
		};
		409519DC1EBB6A2B00CDEEA6 /* Release */ = {
			isa = XCBuildConfiguration;
			buildSettings = {
				ASSETCATALOG_COMPILER_APPICON_NAME = AppIcon;
				INFOPLIST_FILE = UIScrollView/Info.plist;
				LD_RUNPATH_SEARCH_PATHS = "$(inherited) @executable_path/Frameworks";
				PRODUCT_BUNDLE_IDENTIFIER = NIT.UIScrollView;
				PRODUCT_NAME = "$(TARGET_NAME)";
				SWIFT_VERSION = 3.0;
			};
			name = Release;
		};
		409519DE1EBB6A2B00CDEEA6 /* Debug */ = {
			isa = XCBuildConfiguration;
			buildSettings = {
				ALWAYS_EMBED_SWIFT_STANDARD_LIBRARIES = YES;
				BUNDLE_LOADER = "$(TEST_HOST)";
				INFOPLIST_FILE = UIScrollViewTests/Info.plist;
				LD_RUNPATH_SEARCH_PATHS = "$(inherited) @executable_path/Frameworks @loader_path/Frameworks";
				PRODUCT_BUNDLE_IDENTIFIER = NIT.UIScrollViewTests;
				PRODUCT_NAME = "$(TARGET_NAME)";
				SWIFT_VERSION = 3.0;
				TEST_HOST = "$(BUILT_PRODUCTS_DIR)/UIScrollView.app/UIScrollView";
			};
			name = Debug;
		};
		409519DF1EBB6A2B00CDEEA6 /* Release */ = {
			isa = XCBuildConfiguration;
			buildSettings = {
				ALWAYS_EMBED_SWIFT_STANDARD_LIBRARIES = YES;
				BUNDLE_LOADER = "$(TEST_HOST)";
				INFOPLIST_FILE = UIScrollViewTests/Info.plist;
				LD_RUNPATH_SEARCH_PATHS = "$(inherited) @executable_path/Frameworks @loader_path/Frameworks";
				PRODUCT_BUNDLE_IDENTIFIER = NIT.UIScrollViewTests;
				PRODUCT_NAME = "$(TARGET_NAME)";
				SWIFT_VERSION = 3.0;
				TEST_HOST = "$(BUILT_PRODUCTS_DIR)/UIScrollView.app/UIScrollView";
			};
			name = Release;
		};
		409519E11EBB6A2B00CDEEA6 /* Debug */ = {
			isa = XCBuildConfiguration;
			buildSettings = {
				ALWAYS_EMBED_SWIFT_STANDARD_LIBRARIES = YES;
				INFOPLIST_FILE = UIScrollViewUITests/Info.plist;
				LD_RUNPATH_SEARCH_PATHS = "$(inherited) @executable_path/Frameworks @loader_path/Frameworks";
				PRODUCT_BUNDLE_IDENTIFIER = NIT.UIScrollViewUITests;
				PRODUCT_NAME = "$(TARGET_NAME)";
				SWIFT_VERSION = 3.0;
				TEST_TARGET_NAME = UIScrollView;
			};
			name = Debug;
		};
		409519E21EBB6A2B00CDEEA6 /* Release */ = {
			isa = XCBuildConfiguration;
			buildSettings = {
				ALWAYS_EMBED_SWIFT_STANDARD_LIBRARIES = YES;
				INFOPLIST_FILE = UIScrollViewUITests/Info.plist;
				LD_RUNPATH_SEARCH_PATHS = "$(inherited) @executable_path/Frameworks @loader_path/Frameworks";
				PRODUCT_BUNDLE_IDENTIFIER = NIT.UIScrollViewUITests;
				PRODUCT_NAME = "$(TARGET_NAME)";
				SWIFT_VERSION = 3.0;
				TEST_TARGET_NAME = UIScrollView;
			};
			name = Release;
		};
/* End XCBuildConfiguration section */

/* Begin XCConfigurationList section */
		409519AA1EBB6A2900CDEEA6 /* Build configuration list for PBXProject "UIScrollView" */ = {
			isa = XCConfigurationList;
			buildConfigurations = (
				409519D81EBB6A2B00CDEEA6 /* Debug */,
				409519D91EBB6A2B00CDEEA6 /* Release */,
			);
			defaultConfigurationIsVisible = 0;
			defaultConfigurationName = Release;
		};
		409519DA1EBB6A2B00CDEEA6 /* Build configuration list for PBXNativeTarget "UIScrollView" */ = {
			isa = XCConfigurationList;
			buildConfigurations = (
				409519DB1EBB6A2B00CDEEA6 /* Debug */,
				409519DC1EBB6A2B00CDEEA6 /* Release */,
			);
			defaultConfigurationIsVisible = 0;
		};
		409519DD1EBB6A2B00CDEEA6 /* Build configuration list for PBXNativeTarget "UIScrollViewTests" */ = {
			isa = XCConfigurationList;
			buildConfigurations = (
				409519DE1EBB6A2B00CDEEA6 /* Debug */,
				409519DF1EBB6A2B00CDEEA6 /* Release */,
			);
			defaultConfigurationIsVisible = 0;
		};
		409519E01EBB6A2B00CDEEA6 /* Build configuration list for PBXNativeTarget "UIScrollViewUITests" */ = {
			isa = XCConfigurationList;
			buildConfigurations = (
				409519E11EBB6A2B00CDEEA6 /* Debug */,
				409519E21EBB6A2B00CDEEA6 /* Release */,
			);
			defaultConfigurationIsVisible = 0;
		};
/* End XCConfigurationList section */

/* Begin XCVersionGroup section */
		409519B91EBB6A2900CDEEA6 /* UIScrollView.xcdatamodeld */ = {
			isa = XCVersionGroup;
			children = (
				409519BA1EBB6A2900CDEEA6 /* UIScrollView.xcdatamodel */,
			);
			currentVersion = 409519BA1EBB6A2900CDEEA6 /* UIScrollView.xcdatamodel */;
			path = UIScrollView.xcdatamodeld;
			sourceTree = "<group>";
			versionGroupType = wrapper.xcdatamodel;
		};
/* End XCVersionGroup section */
	};
	rootObject = 409519A71EBB6A2900CDEEA6 /* Project object */;
}
